
Microsoft Visual Studio Solution File, Format Version 12.00
# Visual Studio 14
VisualStudioVersion = 14.0.25123.0
MinimumVisualStudioVersion = 10.0.40219.1
Project("{FAE04EC0-301F-11D3-BF4B-00C04F79EFBC}") = "PCR1000LibTest", "PCR1000LibTest\PCR1000LibTest.csproj", "{CFA2F945-2D45-4699-90BE-D42D9F738BE0}"
	ProjectSection(ProjectDependencies) = postProject
		{29487920-2926-48B7-BD8C-B2761696663B} = {29487920-2926-48B7-BD8C-B2761696663B}
	EndProjectSection
EndProject
Project("{FAE04EC0-301F-11D3-BF4B-00C04F79EFBC}") = "PCR1000", "PCR1000\PCR1000.csproj", "{29487920-2926-48B7-BD8C-B2761696663B}"
EndProject
Project("{FAE04EC0-301F-11D3-BF4B-00C04F79EFBC}") = "PCRNetworkServer", "PCRNetworkServer\PCRNetworkServer.csproj", "{8020673D-A3BA-4EE2-BC61-2B5A02385EBA}"
	ProjectSection(ProjectDependencies) = postProject
		{29487920-2926-48B7-BD8C-B2761696663B} = {29487920-2926-48B7-BD8C-B2761696663B}
	EndProjectSection
EndProject
Project("{FAE04EC0-301F-11D3-BF4B-00C04F79EFBC}") = "PCR1000.Network", "PCR1000.Network\PCR1000.Network.csproj", "{C4792356-055E-4181-9ECE-EC75FB04FDA0}"
EndProject
Project("{2150E333-8FDC-42A3-9474-1A3956D46DE8}") = "Solution Items", "Solution Items", "{3BA3CE49-EA66-4B2E-8C52-6C9FC5F88F73}"
	ProjectSection(SolutionItems) = preProject
		.gitattributes = .gitattributes
		.gitignore = .gitignore
		README.md = README.md
	EndProjectSection
EndProject
Project("{FAE04EC0-301F-11D3-BF4B-00C04F79EFBC}") = "PCR1000.Async", "PCR1000.Async\PCR1000.Async.csproj", "{C244E2BF-FDA1-4C63-9EA7-870B1C6B42DF}"
EndProject
Global
	GlobalSection(SolutionConfigurationPlatforms) = preSolution
		Debug|Any CPU = Debug|Any CPU
		Release|Any CPU = Release|Any CPU
	EndGlobalSection
	GlobalSection(ProjectConfigurationPlatforms) = postSolution
		{CFA2F945-2D45-4699-90BE-D42D9F738BE0}.Debug|Any CPU.ActiveCfg = Debug|Any CPU
		{CFA2F945-2D45-4699-90BE-D42D9F738BE0}.Debug|Any CPU.Build.0 = Debug|Any CPU
		{CFA2F945-2D45-4699-90BE-D42D9F738BE0}.Release|Any CPU.ActiveCfg = Release|Any CPU
		{CFA2F945-2D45-4699-90BE-D42D9F738BE0}.Release|Any CPU.Build.0 = Release|Any CPU
		{29487920-2926-48B7-BD8C-B2761696663B}.Debug|Any CPU.ActiveCfg = Debug|Any CPU
		{29487920-2926-48B7-BD8C-B2761696663B}.Debug|Any CPU.Build.0 = Debug|Any CPU
		{29487920-2926-48B7-BD8C-B2761696663B}.Release|Any CPU.ActiveCfg = Release|Any CPU
		{29487920-2926-48B7-BD8C-B2761696663B}.Release|Any CPU.Build.0 = Release|Any CPU
		{8020673D-A3BA-4EE2-BC61-2B5A02385EBA}.Debug|Any CPU.ActiveCfg = Debug|Any CPU
		{8020673D-A3BA-4EE2-BC61-2B5A02385EBA}.Debug|Any CPU.Build.0 = Debug|Any CPU
		{8020673D-A3BA-4EE2-BC61-2B5A02385EBA}.Release|Any CPU.ActiveCfg = Release|Any CPU
		{8020673D-A3BA-4EE2-BC61-2B5A02385EBA}.Release|Any CPU.Build.0 = Release|Any CPU
		{C4792356-055E-4181-9ECE-EC75FB04FDA0}.Debug|Any CPU.ActiveCfg = Debug|Any CPU
		{C4792356-055E-4181-9ECE-EC75FB04FDA0}.Debug|Any CPU.Build.0 = Debug|Any CPU
		{C4792356-055E-4181-9ECE-EC75FB04FDA0}.Release|Any CPU.ActiveCfg = Release|Any CPU
		{C4792356-055E-4181-9ECE-EC75FB04FDA0}.Release|Any CPU.Build.0 = Release|Any CPU
		{C244E2BF-FDA1-4C63-9EA7-870B1C6B42DF}.Debug|Any CPU.ActiveCfg = Debug|Any CPU
		{C244E2BF-FDA1-4C63-9EA7-870B1C6B42DF}.Debug|Any CPU.Build.0 = Debug|Any CPU
		{C244E2BF-FDA1-4C63-9EA7-870B1C6B42DF}.Release|Any CPU.ActiveCfg = Release|Any CPU
		{C244E2BF-FDA1-4C63-9EA7-870B1C6B42DF}.Release|Any CPU.Build.0 = Release|Any CPU
	EndGlobalSection
	GlobalSection(SolutionProperties) = preSolution
		HideSolutionNode = FALSE
	EndGlobalSection
EndGlobal
